
Microsoft Visual Studio Solution File, Format Version 12.00
# Visual Studio Version 16
VisualStudioVersion = 16.0.29613.14
MinimumVisualStudioVersion = 10.0.40219.1
Project("{FAE04EC0-301F-11D3-BF4B-00C04F79EFBC}") = "WebApplicationStoreWEB", "WebApplicationStoreWEB\WebApplicationStoreWEB.csproj", "{7643760D-0FAF-482D-AE23-1A1E35DC2681}"
EndProject
Project("{FAE04EC0-301F-11D3-BF4B-00C04F79EFBC}") = "WebApplicationStoreDAL", "WebApplicationStoreDAL\WebApplicationStoreDAL.csproj", "{056D546F-0E71-4AB0-8EB0-D862933CF8E8}"
	ProjectSection(ProjectDependencies) = postProject
		{7643760D-0FAF-482D-AE23-1A1E35DC2681} = {7643760D-0FAF-482D-AE23-1A1E35DC2681}
	EndProjectSection
EndProject
Global
	GlobalSection(SolutionConfigurationPlatforms) = preSolution
		Debug|Any CPU = Debug|Any CPU
		Release|Any CPU = Release|Any CPU
	EndGlobalSection
	GlobalSection(ProjectConfigurationPlatforms) = postSolution
		{7643760D-0FAF-482D-AE23-1A1E35DC2681}.Debug|Any CPU.ActiveCfg = Debug|Any CPU
		{7643760D-0FAF-482D-AE23-1A1E35DC2681}.Debug|Any CPU.Build.0 = Debug|Any CPU
		{7643760D-0FAF-482D-AE23-1A1E35DC2681}.Release|Any CPU.ActiveCfg = Release|Any CPU
		{7643760D-0FAF-482D-AE23-1A1E35DC2681}.Release|Any CPU.Build.0 = Release|Any CPU
		{056D546F-0E71-4AB0-8EB0-D862933CF8E8}.Debug|Any CPU.ActiveCfg = Debug|Any CPU
		{056D546F-0E71-4AB0-8EB0-D862933CF8E8}.Debug|Any CPU.Build.0 = Debug|Any CPU
		{056D546F-0E71-4AB0-8EB0-D862933CF8E8}.Release|Any CPU.ActiveCfg = Release|Any CPU
		{056D546F-0E71-4AB0-8EB0-D862933CF8E8}.Release|Any CPU.Build.0 = Release|Any CPU
	EndGlobalSection
	GlobalSection(SolutionProperties) = preSolution
		HideSolutionNode = FALSE
	EndGlobalSection
	GlobalSection(ExtensibilityGlobals) = postSolution
		SolutionGuid = {3A1E1E1D-D1D8-4280-B434-2F90735D1B6B}
	EndGlobalSection
EndGlobal
